Microsoft Visual Studio Solution File, Format Version 12.00
# Visual Studio Version 17
VisualStudioVersion = 17.5.2.0
MinimumVisualStudioVersion = 10.0.40219.1
Project("{FAE04EC0-301F-11D3-BF4B-00C04F79EFBC}") = "Backend", "Backend\Backend.csproj", "{B5CEE1AB-68C5-FCEC-EA61-653FFB609ED2}"
EndProject
Project("{2150E333-8FDC-42A3-9474-1A3956D46DE8}") = "Backend", "Backend", "{5DC4E3B4-C85D-4E79-9EAC-BAAF9E1170E1}"
EndProject
Project("{FAE04EC0-301F-11D3-BF4B-00C04F79EFBC}") = "GameService.Tests", "GameService.Tests\GameService.Tests.csproj", "{74E424FC-ACDA-4013-AD49-1426AF0A221D}"
EndProject
Global
	GlobalSection(SolutionConfigurationPlatforms) = preSolution
		Debug|Any CPU = Debug|Any CPU
		Release|Any CPU = Release|Any CPU
	EndGlobalSection
	GlobalSection(ProjectConfigurationPlatforms) = postSolution
		{B5CEE1AB-68C5-FCEC-EA61-653FFB609ED2}.Debug|Any CPU.ActiveCfg = Debug|Any CPU
		{B5CEE1AB-68C5-FCEC-EA61-653FFB609ED2}.Debug|Any CPU.Build.0 = Debug|Any CPU
		{B5CEE1AB-68C5-FCEC-EA61-653FFB609ED2}.Release|Any CPU.ActiveCfg = Release|Any CPU
		{B5CEE1AB-68C5-FCEC-EA61-653FFB609ED2}.Release|Any CPU.Build.0 = Release|Any CPU
		{D81A133B-5652-427A-89A1-3B47CDD32D94}.Debug|Any CPU.ActiveCfg = Debug|Any CPU
		{D81A133B-5652-427A-89A1-3B47CDD32D94}.Debug|Any CPU.Build.0 = Debug|Any CPU
		{D81A133B-5652-427A-89A1-3B47CDD32D94}.Release|Any CPU.ActiveCfg = Release|Any CPU
		{D81A133B-5652-427A-89A1-3B47CDD32D94}.Release|Any CPU.Build.0 = Release|Any CPU
		{AF3A9382-C643-4484-A609-23219AED287F}.Debug|Any CPU.ActiveCfg = Debug|Any CPU
		{AF3A9382-C643-4484-A609-23219AED287F}.Debug|Any CPU.Build.0 = Debug|Any CPU
		{AF3A9382-C643-4484-A609-23219AED287F}.Release|Any CPU.ActiveCfg = Release|Any CPU
		{AF3A9382-C643-4484-A609-23219AED287F}.Release|Any CPU.Build.0 = Release|Any CPU
		{74E424FC-ACDA-4013-AD49-1426AF0A221D}.Debug|Any CPU.ActiveCfg = Debug|Any CPU
		{74E424FC-ACDA-4013-AD49-1426AF0A221D}.Debug|Any CPU.Build.0 = Debug|Any CPU
		{74E424FC-ACDA-4013-AD49-1426AF0A221D}.Release|Any CPU.ActiveCfg = Release|Any CPU
		{74E424FC-ACDA-4013-AD49-1426AF0A221D}.Release|Any CPU.Build.0 = Release|Any CPU
	EndGlobalSection
	GlobalSection(SolutionProperties) = preSolution
		HideSolutionNode = FALSE
	EndGlobalSection
	GlobalSection(ExtensibilityGlobals) = postSolution
		SolutionGuid = {99FC92D2-FDEA-4D0B-975C-C12D6D58CA29}
	EndGlobalSection
	GlobalSection(NestedProjects) = preSolution
		{B5CEE1AB-68C5-FCEC-EA61-653FFB609ED2} = {5DC4E3B4-C85D-4E79-9EAC-BAAF9E1170E1}
		{D81A133B-5652-427A-89A1-3B47CDD32D94} = {5DC4E3B4-C85D-4E79-9EAC-BAAF9E1170E1}
	EndGlobalSection
EndGlobal
